// !$*UTF8*$!
{
	archiveVersion = 1;
	classes = {
	};
	objectVersion = 100;
	objects = {

/* Begin PBXBuildFile section */
		791690202FB46E2600036C69 /* EB Finder Extension.appex in Embed Foundation Extensions */ = {isa = PBXBuildFile; fileRef = 7916901F2FB46E2600036C69 /* EB Finder Extension.appex */; settings = {ATTRIBUTES = (RemoveHeadersOnCopy, ); }; };
		791690392FB46E2600036C69 /* Assets.xcassets in Resources */ = {isa = PBXBuildFile; fileRef = 79168FFA2FB46E2600036C69 /* Assets.xcassets */; };
		7916903B2FB46E2600036C69 /* SafariWebExtensionHandler.swift in Sources */ = {isa = PBXBuildFile; fileRef = 79168FFC2FB46E2600036C69 /* SafariWebExtensionHandler.swift */; };
		7916905A2FB46E2600036C69 /* popup.js in Resources */ = {isa = PBXBuildFile; fileRef = 7916904E2FB46E2600036C69 /* popup.js */; };
		7916905B2FB46E2600036C69 /* styles.css in Resources */ = {isa = PBXBuildFile; fileRef = 7916904F2FB46E2600036C69 /* styles.css */; };
		7916905C2FB46E2600036C69 /* popup.html in Resources */ = {isa = PBXBuildFile; fileRef = 791690502FB46E2600036C69 /* popup.html */; };
		7916905D2FB46E2600036C69 /* icons in Resources */ = {isa = PBXBuildFile; fileRef = 791690512FB46E2600036C69 /* icons */; };
		7916905E2FB46E2600036C69 /* manifest.json in Resources */ = {isa = PBXBuildFile; fileRef = 791690522FB46E2600036C69 /* manifest.json */; };
		7916905F2FB46E2600036C69 /* content.js in Resources */ = {isa = PBXBuildFile; fileRef = 791690532FB46E2600036C69 /* content.js */; };
		A1B100042FB46E2700036C69 /* EBFinderApp.swift in Sources */ = {isa = PBXBuildFile; fileRef = A1B100012FB46E2700036C69 /* EBFinderApp.swift */; };
		A1B100062FB46E2700036C69 /* ContentView.swift in Sources */ = {isa = PBXBuildFile; fileRef = A1B100022FB46E2700036C69 /* ContentView.swift */; };
		A1B100082FB46E2700036C69 /* ExtensionState.swift in Sources */ = {isa = PBXBuildFile; fileRef = A1B100032FB46E2700036C69 /* ExtensionState.swift */; };
		A1B100102FB46E2700036C69 /* Localizable.xcstrings in Resources */ = {isa = PBXBuildFile; fileRef = A1B1000A2FB46E2700036C69 /* Localizable.xcstrings */; };
/* End PBXBuildFile section */

/* Begin PBXContainerItemProxy section */
		791690212FB46E2600036C69 /* PBXContainerItemProxy */ = {
			isa = PBXContainerItemProxy;
			containerPortal = 79168FEE2FB46E2500036C69 /* Project object */;
			proxyType = 1;
			remoteGlobalIDString = 7916901E2FB46E2600036C69;
			remoteInfo = "EB Finder Extension";
		};
/* End PBXContainerItemProxy section */

/* Begin PBXCopyFilesBuildPhase section */
		791690422FB46E2600036C69 /* Embed Foundation Extensions */ = {
			isa = PBXCopyFilesBuildPhase;
			dstPath = "";
			dstSubfolder = PlugIns;
			files = (
				791690202FB46E2600036C69 /* EB Finder Extension.appex in Embed Foundation Extensions */,
			);
			name = "Embed Foundation Extensions";
		};
/* End PBXCopyFilesBuildPhase section */

/* Begin PBXFileReference section */
		79168FFA2FB46E2600036C69 /* Assets.xcassets */ = {isa = PBXFileReference; lastKnownFileType = folder.assetcatalog; path = Assets.xcassets; sourceTree = "<group>"; };
		79168FFC2FB46E2600036C69 /* SafariWebExtensionHandler.swift */ = {isa = PBXFileReference; lastKnownFileType = sourcecode.swift; path = SafariWebExtensionHandler.swift; sourceTree = "<group>"; };
		791690012FB46E2600036C69 /* EB Finder.app */ = {isa = PBXFileReference; explicitFileType = wrapper.application; includeInIndex = 0; path = "EB Finder.app"; sourceTree = BUILT_PRODUCTS_DIR; };
		7916900E2FB46E2600036C69 /* Info.plist */ = {isa = PBXFileReference; lastKnownFileType = text.plist.xml; path = Info.plist; sourceTree = "<group>"; };
		7916901F2FB46E2600036C69 /* EB Finder Extension.appex */ = {isa = PBXFileReference; explicitFileType = "wrapper.app-extension"; includeInIndex = 0; path = "EB Finder Extension.appex"; sourceTree = BUILT_PRODUCTS_DIR; };
		791690242FB46E2600036C69 /* Info.plist */ = {isa = PBXFileReference; lastKnownFileType = text.plist.xml; path = Info.plist; sourceTree = "<group>"; };
		7916904E2FB46E2600036C69 /* popup.js */ = {isa = PBXFileReference; lastKnownFileType = sourcecode.javascript; name = popup.js; path = ../../../extension/popup.js; sourceTree = "<group>"; };
		7916904F2FB46E2600036C69 /* styles.css */ = {isa = PBXFileReference; lastKnownFileType = text.css; name = styles.css; path = ../../../extension/styles.css; sourceTree = "<group>"; };
		791690502FB46E2600036C69 /* popup.html */ = {isa = PBXFileReference; lastKnownFileType = text.html; name = popup.html; path = ../../../extension/popup.html; sourceTree = "<group>"; };
		791690512FB46E2600036C69 /* icons */ = {isa = PBXFileReference; lastKnownFileType = folder; name = icons; path = ../../../extension/icons; sourceTree = "<group>"; };
		791690522FB46E2600036C69 /* manifest.json */ = {isa = PBXFileReference; lastKnownFileType = text.json; name = manifest.json; path = ../../../extension/manifest.json; sourceTree = "<group>"; };
		791690532FB46E2600036C69 /* content.js */ = {isa = PBXFileReference; lastKnownFileType = sourcecode.javascript; name = content.js; path = ../../../extension/content.js; sourceTree = "<group>"; };
		A1B100012FB46E2700036C69 /* EBFinderApp.swift */ = {isa = PBXFileReference; lastKnownFileType = sourcecode.swift; path = EBFinderApp.swift; sourceTree = "<group>"; };
		A1B100022FB46E2700036C69 /* ContentView.swift */ = {isa = PBXFileReference; lastKnownFileType = sourcecode.swift; path = ContentView.swift; sourceTree = "<group>"; };
		A1B100032FB46E2700036C69 /* ExtensionState.swift */ = {isa = PBXFileReference; lastKnownFileType = sourcecode.swift; path = ExtensionState.swift; sourceTree = "<group>"; };
		A1B1000A2FB46E2700036C69 /* Localizable.xcstrings */ = {isa = PBXFileReference; lastKnownFileType = text.json.xcstrings; path = Localizable.xcstrings; sourceTree = "<group>"; };
/* End PBXFileReference section */

/* Begin PBXFrameworksBuildPhase section */
		79168FFE2FB46E2600036C69 /* Frameworks */ = {
			isa = PBXFrameworksBuildPhase;
			files = (
			);
		};
		7916901C2FB46E2600036C69 /* Frameworks */ = {
			isa = PBXFrameworksBuildPhase;
			files = (
			);
		};
/* End PBXFrameworksBuildPhase section */

/* Begin PBXGroup section */
		79168FED2FB46E2500036C69 = {
			isa = PBXGroup;
			children = (
				79168FF22FB46E2500036C69 /* App */,
				79168FFB2FB46E2600036C69 /* Extension */,
				791690022FB46E2600036C69 /* Products */,
			);
			sourceTree = "<group>";
		};
		79168FF22FB46E2500036C69 /* App */ = {
			isa = PBXGroup;
			children = (
				A1B100012FB46E2700036C69 /* EBFinderApp.swift */,
				A1B100022FB46E2700036C69 /* ContentView.swift */,
				A1B100032FB46E2700036C69 /* ExtensionState.swift */,
				79168FFA2FB46E2600036C69 /* Assets.xcassets */,
				A1B1000A2FB46E2700036C69 /* Localizable.xcstrings */,
				7916900E2FB46E2600036C69 /* Info.plist */,
			);
			path = App;
			sourceTree = "<group>";
		};
		79168FFB2FB46E2600036C69 /* Extension */ = {
			isa = PBXGroup;
			children = (
				7916904D2FB46E2600036C69 /* Web Extension Resources */,
				79168FFC2FB46E2600036C69 /* SafariWebExtensionHandler.swift */,
				791690242FB46E2600036C69 /* Info.plist */,
			);
			path = Extension;
			sourceTree = "<group>";
		};
		791690022FB46E2600036C69 /* Products */ = {
			isa = PBXGroup;
			children = (
				791690012FB46E2600036C69 /* EB Finder.app */,
				7916901F2FB46E2600036C69 /* EB Finder Extension.appex */,
			);
			name = Products;
			sourceTree = "<group>";
		};
		7916904D2FB46E2600036C69 /* Web Extension Resources */ = {
			isa = PBXGroup;
			children = (
				7916904E2FB46E2600036C69 /* popup.js */,
				7916904F2FB46E2600036C69 /* styles.css */,
				791690502FB46E2600036C69 /* popup.html */,
				791690512FB46E2600036C69 /* icons */,
				791690522FB46E2600036C69 /* manifest.json */,
				791690532FB46E2600036C69 /* content.js */,
			);
			name = "Web Extension Resources";
			sourceTree = "<group>";
		};
/* End PBXGroup section */

/* Begin PBXNativeTarget section */
		791690002FB46E2600036C69 /* EB Finder */ = {
			isa = PBXNativeTarget;
			buildConfigurationList = 791690432FB46E2600036C69 /* Build configuration list for PBXNativeTarget "EB Finder" */;
			buildPhases = (
				79168FFD2FB46E2600036C69 /* Sources */,
				79168FFE2FB46E2600036C69 /* Frameworks */,
				79168FFF2FB46E2600036C69 /* Resources */,
				791690422FB46E2600036C69 /* Embed Foundation Extensions */,
			);
			buildRules = (
			);
			dependencies = (
				791690222FB46E2600036C69 /* PBXTargetDependency */,
			);
			name = "EB Finder";
			productName = "EB Finder";
			productReference = 791690012FB46E2600036C69 /* EB Finder.app */;
			productType = "com.apple.product-type.application";
		};
		7916901E2FB46E2600036C69 /* EB Finder Extension */ = {
			isa = PBXNativeTarget;
			buildConfigurationList = 7916903F2FB46E2600036C69 /* Build configuration list for PBXNativeTarget "EB Finder Extension" */;
			buildPhases = (
				7916901B2FB46E2600036C69 /* Sources */,
				7916901C2FB46E2600036C69 /* Frameworks */,
				7916901D2FB46E2600036C69 /* Resources */,
			);
			buildRules = (
			);
			name = "EB Finder Extension";
			productName = "EB Finder Extension";
			productReference = 7916901F2FB46E2600036C69 /* EB Finder Extension.appex */;
			productType = "com.apple.product-type.app-extension";
		};
/* End PBXNativeTarget section */

/* Begin PBXProject section */
		79168FEE2FB46E2500036C69 /* Project object */ = {
			isa = PBXProject;
			attributes = {
				BuildIndependentTargetsInParallel = 1;
				LastSwiftUpdateCheck = 2650;
				LastUpgradeCheck = 2650;
				ORGANIZATIONNAME = "Brine AB";
				TargetAttributes = {
					791690002FB46E2600036C69 = {
						CreatedOnToolsVersion = 26.5;
					};
					7916901E2FB46E2600036C69 = {
						CreatedOnToolsVersion = 26.5;
					};
				};
			};
			buildConfigurationList = 79168FF12FB46E2500036C69 /* Build configuration list for PBXProject "EB Finder" */;
			developmentRegion = en;
			hasScannedForEncodings = 0;
			knownRegions = (
				en,
				sv,
			);
			mainGroup = 79168FED2FB46E2500036C69;
			minimizedProjectReferenceProxies = 1;
			preferredProjectObjectVersion = 100;
			productRefGroup = 791690022FB46E2600036C69 /* Products */;
			projectDirPath = "";
			projectRoot = "";
			targets = (
				791690002FB46E2600036C69 /* EB Finder */,
				7916901E2FB46E2600036C69 /* EB Finder Extension */,
			);
		};
/* End PBXProject section */

/* Begin PBXResourcesBuildPhase section */
		79168FFF2FB46E2600036C69 /* Resources */ = {
			isa = PBXResourcesBuildPhase;
			files = (
				791690392FB46E2600036C69 /* Assets.xcassets in Resources */,
				A1B100102FB46E2700036C69 /* Localizable.xcstrings in Resources */,
			);
		};
		7916901D2FB46E2600036C69 /* Resources */ = {
			isa = PBXResourcesBuildPhase;
			files = (
				7916905F2FB46E2600036C69 /* content.js in Resources */,
				7916905A2FB46E2600036C69 /* popup.js in Resources */,
				7916905D2FB46E2600036C69 /* icons in Resources */,
				7916905E2FB46E2600036C69 /* manifest.json in Resources */,
				7916905C2FB46E2600036C69 /* popup.html in Resources */,
				7916905B2FB46E2600036C69 /* styles.css in Resources */,
			);
		};
/* End PBXResourcesBuildPhase section */

/* Begin PBXSourcesBuildPhase section */
		79168FFD2FB46E2600036C69 /* Sources */ = {
			isa = PBXSourcesBuildPhase;
			files = (
				A1B100042FB46E2700036C69 /* EBFinderApp.swift in Sources */,
				A1B100062FB46E2700036C69 /* ContentView.swift in Sources */,
				A1B100082FB46E2700036C69 /* ExtensionState.swift in Sources */,
			);
		};
		7916901B2FB46E2600036C69 /* Sources */ = {
			isa = PBXSourcesBuildPhase;
			files = (
				7916903B2FB46E2600036C69 /* SafariWebExtensionHandler.swift in Sources */,
			);
		};
/* End PBXSourcesBuildPhase section */

/* Begin PBXTargetDependency section */
		791690222FB46E2600036C69 /* PBXTargetDependency */ = {
			isa = PBXTargetDependency;
			target = 7916901E2FB46E2600036C69 /* EB Finder Extension */;
			targetProxy = 791690212FB46E2600036C69 /* PBXContainerItemProxy */;
		};
/* End PBXTargetDependency section */

/* Begin XCBuildConfiguration section */
		7916903D2FB46E2600036C69 /* Debug configuration for PBXProject "EB Finder" */ = {
			isa = XCBuildConfiguration;
			buildSettings = {
				ALWAYS_SEARCH_USER_PATHS = NO;
				ASSETCATALOG_COMPILER_GENERATE_SWIFT_ASSET_SYMBOL_EXTENSIONS = YES;
				CLANG_ANALYZER_NONNULL = YES;
				CLANG_ANALYZER_NUMBER_OBJECT_CONVERSION = YES_AGGRESSIVE;
				CLANG_CXX_LANGUAGE_STANDARD = "gnu++20";
				CLANG_ENABLE_MODULES = YES;
				CLANG_ENABLE_OBJC_ARC = YES;
				CLANG_ENABLE_OBJC_WEAK = YES;
				CLANG_WARN_BLOCK_CAPTURE_AUTORELEASING = YES;
				CLANG_WARN_BOOL_CONVERSION = YES;
				CLANG_WARN_COMMA = YES;
				CLANG_WARN_CONSTANT_CONVERSION = YES;
				CLANG_WARN_DEPRECATED_OBJC_IMPLEMENTATIONS = YES;
				CLANG_WARN_DIRECT_OBJC_ISA_USAGE = YES_ERROR;
				CLANG_WARN_DOCUMENTATION_COMMENTS = YES;
				CLANG_WARN_EMPTY_BODY = YES;
				CLANG_WARN_ENUM_CONVERSION = YES;
				CLANG_WARN_INFINITE_RECURSION = YES;
				CLANG_WARN_INT_CONVERSION = YES;
				CLANG_WARN_NON_LITERAL_NULL_CONVERSION = YES;
				CLANG_WARN_OBJC_IMPLICIT_RETAIN_SELF = YES;
				CLANG_WARN_OBJC_LITERAL_CONVERSION = YES;
				CLANG_WARN_OBJC_ROOT_CLASS = YES_ERROR;
				CLANG_WARN_QUOTED_INCLUDE_IN_FRAMEWORK_HEADER = YES;
				CLANG_WARN_RANGE_LOOP_ANALYSIS = YES;
				CLANG_WARN_STRICT_PROTOTYPES = YES;
				CLANG_WARN_SUSPICIOUS_MOVE = YES;
				CLANG_WARN_UNGUARDED_AVAILABILITY = YES_AGGRESSIVE;
				CLANG_WARN_UNREACHABLE_CODE = YES;
				CLANG_WARN__DUPLICATE_METHOD_MATCH = YES;
				COPY_PHASE_STRIP = NO;
				DEBUG_INFORMATION_FORMAT = dwarf;
				ENABLE_STRICT_OBJC_MSGSEND = YES;
				ENABLE_TESTABILITY = YES;
				ENABLE_USER_SCRIPT_SANDBOXING = YES;
				GCC_C_LANGUAGE_STANDARD = gnu17;
				GCC_DYNAMIC_NO_PIC = NO;
				GCC_NO_COMMON_BLOCKS = YES;
				GCC_OPTIMIZATION_LEVEL = 0;
				GCC_PREPROCESSOR_DEFINITIONS = (
					"DEBUG=1",
					"$(inherited)",
				);
				GCC_WARN_64_TO_32_BIT_CONVERSION = YES;
				GCC_WARN_ABOUT_RETURN_TYPE = YES_ERROR;
				GCC_WARN_UNDECLARED_SELECTOR = YES;
				GCC_WARN_UNINITIALIZED_AUTOS = YES_AGGRESSIVE;
				GCC_WARN_UNUSED_FUNCTION = YES;
				GCC_WARN_UNUSED_VARIABLE = YES;
				LOCALIZATION_PREFERS_STRING_CATALOGS = YES;
				MTL_ENABLE_DEBUG_INFO = INCLUDE_SOURCE;
				MTL_FAST_MATH = YES;
				ONLY_ACTIVE_ARCH = YES;
				SWIFT_ACTIVE_COMPILATION_CONDITIONS = "DEBUG $(inherited)";
				SWIFT_OPTIMIZATION_LEVEL = "-Onone";
			};
			name = Debug;
		};
		7916903E2FB46E2600036C69 /* Release configuration for PBXProject "EB Finder" */ = {
			isa = XCBuildConfiguration;
			buildSettings = {
				ALWAYS_SEARCH_USER_PATHS = NO;
				ASSETCATALOG_COMPILER_GENERATE_SWIFT_ASSET_SYMBOL_EXTENSIONS = YES;
				CLANG_ANALYZER_NONNULL = YES;
				CLANG_ANALYZER_NUMBER_OBJECT_CONVERSION = YES_AGGRESSIVE;
				CLANG_CXX_LANGUAGE_STANDARD = "gnu++20";
				CLANG_ENABLE_MODULES = YES;
				CLANG_ENABLE_OBJC_ARC = YES;
				CLANG_ENABLE_OBJC_WEAK = YES;
				CLANG_WARN_BLOCK_CAPTURE_AUTORELEASING = YES;
				CLANG_WARN_BOOL_CONVERSION = YES;
				CLANG_WARN_COMMA = YES;
				CLANG_WARN_CONSTANT_CONVERSION = YES;
				CLANG_WARN_DEPRECATED_OBJC_IMPLEMENTATIONS = YES;
				CLANG_WARN_DIRECT_OBJC_ISA_USAGE = YES_ERROR;
				CLANG_WARN_DOCUMENTATION_COMMENTS = YES;
				CLANG_WARN_EMPTY_BODY = YES;
				CLANG_WARN_ENUM_CONVERSION = YES;
				CLANG_WARN_INFINITE_RECURSION = YES;
				CLANG_WARN_INT_CONVERSION = YES;
				CLANG_WARN_NON_LITERAL_NULL_CONVERSION = YES;
				CLANG_WARN_OBJC_IMPLICIT_RETAIN_SELF = YES;
				CLANG_WARN_OBJC_LITERAL_CONVERSION = YES;
				CLANG_WARN_OBJC_ROOT_CLASS = YES_ERROR;
				CLANG_WARN_QUOTED_INCLUDE_IN_FRAMEWORK_HEADER = YES;
				CLANG_WARN_RANGE_LOOP_ANALYSIS = YES;
				CLANG_WARN_STRICT_PROTOTYPES = YES;
				CLANG_WARN_SUSPICIOUS_MOVE = YES;
				CLANG_WARN_UNGUARDED_AVAILABILITY = YES_AGGRESSIVE;
				CLANG_WARN_UNREACHABLE_CODE = YES;
				CLANG_WARN__DUPLICATE_METHOD_MATCH = YES;
				COPY_PHASE_STRIP = NO;
				DEBUG_INFORMATION_FORMAT = "dwarf-with-dsym";
				ENABLE_NS_ASSERTIONS = NO;
				ENABLE_STRICT_OBJC_MSGSEND = YES;
				ENABLE_TESTABILITY = YES;
				ENABLE_USER_SCRIPT_SANDBOXING = YES;
				GCC_C_LANGUAGE_STANDARD = gnu17;
				GCC_NO_COMMON_BLOCKS = YES;
				GCC_WARN_64_TO_32_BIT_CONVERSION = YES;
				GCC_WARN_ABOUT_RETURN_TYPE = YES_ERROR;
				GCC_WARN_UNDECLARED_SELECTOR = YES;
				GCC_WARN_UNINITIALIZED_AUTOS = YES_AGGRESSIVE;
				GCC_WARN_UNUSED_FUNCTION = YES;
				GCC_WARN_UNUSED_VARIABLE = YES;
				LOCALIZATION_PREFERS_STRING_CATALOGS = YES;
				MTL_ENABLE_DEBUG_INFO = NO;
				MTL_FAST_MATH = YES;
				ONLY_ACTIVE_ARCH = YES;
				SWIFT_COMPILATION_MODE = wholemodule;
			};
			name = Release;
		};
		791690402FB46E2600036C69 /* Debug configuration for PBXNativeTarget "EB Finder Extension" */ = {
			isa = XCBuildConfiguration;
			buildSettings = {
				CODE_SIGN_IDENTITY = "Apple Development";
				CODE_SIGN_STYLE = Automatic;
				CURRENT_PROJECT_VERSION = 12;
				DEVELOPMENT_TEAM = P8Z5R444KA;
				"ENABLE_APP_SANDBOX[sdk=macosx*]" = YES;
				"ENABLE_HARDENED_RUNTIME[sdk=macosx*]" = YES;
				"ENABLE_INCOMING_NETWORK_CONNECTIONS[sdk=macosx*]" = NO;
				"ENABLE_OUTGOING_NETWORK_CONNECTIONS[sdk=macosx*]" = YES;
				"ENABLE_USER_SELECTED_FILES[sdk=macosx*]" = readonly;
				GENERATE_INFOPLIST_FILE = YES;
				INFOPLIST_FILE = Extension/Info.plist;
				INFOPLIST_KEY_CFBundleDisplayName = "EB Finder";
				INFOPLIST_KEY_ITSAppUsesNonExemptEncryption = NO;
				INFOPLIST_KEY_NSHumanReadableCopyright = "Copyright © 2026 Brine AB. All rights reserved.";
				IPHONEOS_DEPLOYMENT_TARGET = 17.0;
				MACOSX_DEPLOYMENT_TARGET = 14.0;
				MARKETING_VERSION = 0.1.3;
				OTHER_LDFLAGS = (
					"-framework",
					SafariServices,
				);
				PRODUCT_BUNDLE_IDENTIFIER = com.brine.ebfinder.extension;
				PRODUCT_NAME = "EB Finder Extension";
				SDKROOT = auto;
				SKIP_INSTALL = YES;
				STRING_CATALOG_GENERATE_SYMBOLS = YES;
				SUPPORTED_PLATFORMS = "iphoneos iphonesimulator macosx";
				SUPPORTS_MACCATALYST = NO;
				SUPPORTS_MAC_DESIGNED_FOR_IPHONE_IPAD = NO;
				SUPPORTS_XR_DESIGNED_FOR_IPHONE_IPAD = NO;
				SWIFT_APPROACHABLE_CONCURRENCY = YES;
				SWIFT_EMIT_LOC_STRINGS = YES;
				SWIFT_UPCOMING_FEATURE_MEMBER_IMPORT_VISIBILITY = YES;
				SWIFT_VERSION = 6.0;
				TARGETED_DEVICE_FAMILY = "1,2";
			};
			name = Debug;
		};
		791690412FB46E2600036C69 /* Release configuration for PBXNativeTarget "EB Finder Extension" */ = {
			isa = XCBuildConfiguration;
			buildSettings = {
				CODE_SIGN_IDENTITY = "Apple Development";
				CODE_SIGN_STYLE = Automatic;
				CURRENT_PROJECT_VERSION = 12;
				DEVELOPMENT_TEAM = P8Z5R444KA;
				"ENABLE_APP_SANDBOX[sdk=macosx*]" = YES;
				"ENABLE_HARDENED_RUNTIME[sdk=macosx*]" = YES;
				"ENABLE_INCOMING_NETWORK_CONNECTIONS[sdk=macosx*]" = NO;
				"ENABLE_OUTGOING_NETWORK_CONNECTIONS[sdk=macosx*]" = YES;
				"ENABLE_USER_SELECTED_FILES[sdk=macosx*]" = readonly;
				GENERATE_INFOPLIST_FILE = YES;
				INFOPLIST_FILE = Extension/Info.plist;
				INFOPLIST_KEY_CFBundleDisplayName = "EB Finder";
				INFOPLIST_KEY_ITSAppUsesNonExemptEncryption = NO;
				INFOPLIST_KEY_NSHumanReadableCopyright = "Copyright © 2026 Brine AB. All rights reserved.";
				IPHONEOS_DEPLOYMENT_TARGET = 17.0;
				MACOSX_DEPLOYMENT_TARGET = 14.0;
				MARKETING_VERSION = 0.1.3;
				OTHER_LDFLAGS = (
					"-framework",
					SafariServices,
				);
				PRODUCT_BUNDLE_IDENTIFIER = com.brine.ebfinder.extension;
				PRODUCT_NAME = "EB Finder Extension";
				PROVISIONING_PROFILE_SPECIFIER = "";
				SDKROOT = auto;
				SKIP_INSTALL = YES;
				STRING_CATALOG_GENERATE_SYMBOLS = YES;
				SUPPORTED_PLATFORMS = "iphoneos iphonesimulator macosx";
				SUPPORTS_MACCATALYST = NO;
				SUPPORTS_MAC_DESIGNED_FOR_IPHONE_IPAD = NO;
				SUPPORTS_XR_DESIGNED_FOR_IPHONE_IPAD = NO;
				SWIFT_APPROACHABLE_CONCURRENCY = YES;
				SWIFT_EMIT_LOC_STRINGS = YES;
				SWIFT_UPCOMING_FEATURE_MEMBER_IMPORT_VISIBILITY = YES;
				SWIFT_VERSION = 6.0;
				TARGETED_DEVICE_FAMILY = "1,2";
				VALIDATE_PRODUCT = YES;
			};
			name = Release;
		};
		791690442FB46E2600036C69 /* Debug configuration for PBXNativeTarget "EB Finder" */ = {
			isa = XCBuildConfiguration;
			buildSettings = {
				ASSETCATALOG_COMPILER_APPICON_NAME = AppIcon;
				ASSETCATALOG_COMPILER_GLOBAL_ACCENT_COLOR_NAME = AccentColor;
				CODE_SIGN_STYLE = Automatic;
				CURRENT_PROJECT_VERSION = 12;
				DEVELOPMENT_TEAM = P8Z5R444KA;
				"ENABLE_APP_SANDBOX[sdk=macosx*]" = YES;
				"ENABLE_HARDENED_RUNTIME[sdk=macosx*]" = YES;
				"ENABLE_OUTGOING_NETWORK_CONNECTIONS[sdk=macosx*]" = YES;
				"ENABLE_USER_SELECTED_FILES[sdk=macosx*]" = readonly;
				GENERATE_INFOPLIST_FILE = YES;
				INFOPLIST_FILE = App/Info.plist;
				INFOPLIST_KEY_CFBundleDisplayName = "EB Finder";
				INFOPLIST_KEY_ITSAppUsesNonExemptEncryption = NO;
				INFOPLIST_KEY_LSApplicationCategoryType = "public.app-category.utilities";
				INFOPLIST_KEY_NSHumanReadableCopyright = "Copyright © 2026 Brine AB. All rights reserved.";
				INFOPLIST_KEY_UIApplicationSupportsIndirectInputEvents = YES;
				INFOPLIST_KEY_UIStatusBarHidden = NO;
				INFOPLIST_KEY_UISupportedInterfaceOrientations = "UIInterfaceOrientationPortrait UIInterfaceOrientationLandscapeLeft UIInterfaceOrientationLandscapeRight";
				INFOPLIST_KEY_UISupportedInterfaceOrientations_iPad = "UIInterfaceOrientationPortrait UIInterfaceOrientationPortraitUpsideDown UIInterfaceOrientationLandscapeLeft UIInterfaceOrientationLandscapeRight";
				IPHONEOS_DEPLOYMENT_TARGET = 17.0;
				MACOSX_DEPLOYMENT_TARGET = 14.0;
				MARKETING_VERSION = 0.1.3;
				OTHER_LDFLAGS = (
					"-framework",
					SafariServices,
				);
				PRODUCT_BUNDLE_IDENTIFIER = com.brine.ebfinder;
				PRODUCT_NAME = "EB Finder";
				"REGISTER_APP_GROUPS[sdk=macosx*]" = YES;
				SDKROOT = auto;
				STRING_CATALOG_GENERATE_SYMBOLS = YES;
				SUPPORTED_PLATFORMS = "iphoneos iphonesimulator macosx";
				SUPPORTS_MACCATALYST = NO;
				SUPPORTS_MAC_DESIGNED_FOR_IPHONE_IPAD = NO;
				SUPPORTS_XR_DESIGNED_FOR_IPHONE_IPAD = NO;
				SWIFT_APPROACHABLE_CONCURRENCY = YES;
				SWIFT_DEFAULT_ACTOR_ISOLATION = MainActor;
				SWIFT_EMIT_LOC_STRINGS = YES;
				SWIFT_UPCOMING_FEATURE_MEMBER_IMPORT_VISIBILITY = YES;
				SWIFT_VERSION = 6.0;
				TARGETED_DEVICE_FAMILY = "1,2";
			};
			name = Debug;
		};
		791690452FB46E2600036C69 /* Release configuration for PBXNativeTarget "EB Finder" */ = {
			isa = XCBuildConfiguration;
			buildSettings = {
				ASSETCATALOG_COMPILER_APPICON_NAME = AppIcon;
				ASSETCATALOG_COMPILER_GLOBAL_ACCENT_COLOR_NAME = AccentColor;
				CODE_SIGN_IDENTITY = "Apple Development";
				CODE_SIGN_STYLE = Automatic;
				CURRENT_PROJECT_VERSION = 12;
				DEVELOPMENT_TEAM = P8Z5R444KA;
				"ENABLE_APP_SANDBOX[sdk=macosx*]" = YES;
				"ENABLE_HARDENED_RUNTIME[sdk=macosx*]" = YES;
				"ENABLE_OUTGOING_NETWORK_CONNECTIONS[sdk=macosx*]" = YES;
				"ENABLE_USER_SELECTED_FILES[sdk=macosx*]" = readonly;
				GENERATE_INFOPLIST_FILE = YES;
				INFOPLIST_FILE = App/Info.plist;
				INFOPLIST_KEY_CFBundleDisplayName = "EB Finder";
				INFOPLIST_KEY_ITSAppUsesNonExemptEncryption = NO;
				INFOPLIST_KEY_LSApplicationCategoryType = "public.app-category.utilities";
				INFOPLIST_KEY_NSHumanReadableCopyright = "Copyright © 2026 Brine AB. All rights reserved.";
				INFOPLIST_KEY_UIApplicationSupportsIndirectInputEvents = YES;
				INFOPLIST_KEY_UIStatusBarHidden = NO;
				INFOPLIST_KEY_UISupportedInterfaceOrientations = "UIInterfaceOrientationPortrait UIInterfaceOrientationLandscapeLeft UIInterfaceOrientationLandscapeRight";
				INFOPLIST_KEY_UISupportedInterfaceOrientations_iPad = "UIInterfaceOrientationPortrait UIInterfaceOrientationPortraitUpsideDown UIInterfaceOrientationLandscapeLeft UIInterfaceOrientationLandscapeRight";
				IPHONEOS_DEPLOYMENT_TARGET = 17.0;
				MACOSX_DEPLOYMENT_TARGET = 14.0;
				MARKETING_VERSION = 0.1.3;
				OTHER_LDFLAGS = (
					"-framework",
					SafariServices,
				);
				PRODUCT_BUNDLE_IDENTIFIER = com.brine.ebfinder;
				PRODUCT_NAME = "EB Finder";
				PROVISIONING_PROFILE_SPECIFIER = "";
				"REGISTER_APP_GROUPS[sdk=macosx*]" = YES;
				SDKROOT = auto;
				STRING_CATALOG_GENERATE_SYMBOLS = YES;
				SUPPORTED_PLATFORMS = "iphoneos iphonesimulator macosx";
				SUPPORTS_MACCATALYST = NO;
				SUPPORTS_MAC_DESIGNED_FOR_IPHONE_IPAD = NO;
				SUPPORTS_XR_DESIGNED_FOR_IPHONE_IPAD = NO;
				SWIFT_APPROACHABLE_CONCURRENCY = YES;
				SWIFT_DEFAULT_ACTOR_ISOLATION = MainActor;
				SWIFT_EMIT_LOC_STRINGS = YES;
				SWIFT_UPCOMING_FEATURE_MEMBER_IMPORT_VISIBILITY = YES;
				SWIFT_VERSION = 6.0;
				TARGETED_DEVICE_FAMILY = "1,2";
				VALIDATE_PRODUCT = YES;
			};
			name = Release;
		};
/* End XCBuildConfiguration section */

/* Begin XCConfigurationList section */
		79168FF12FB46E2500036C69 /* Build configuration list for PBXProject "EB Finder" */ = {
			isa = XCConfigurationList;
			buildConfigurations = (
				7916903D2FB46E2600036C69 /* Debug configuration for PBXProject "EB Finder" */,
				7916903E2FB46E2600036C69 /* Release configuration for PBXProject "EB Finder" */,
			);
			defaultConfigurationName = Release;
		};
		7916903F2FB46E2600036C69 /* Build configuration list for PBXNativeTarget "EB Finder Extension" */ = {
			isa = XCConfigurationList;
			buildConfigurations = (
				791690402FB46E2600036C69 /* Debug configuration for PBXNativeTarget "EB Finder Extension" */,
				791690412FB46E2600036C69 /* Release configuration for PBXNativeTarget "EB Finder Extension" */,
			);
			defaultConfigurationName = Release;
		};
		791690432FB46E2600036C69 /* Build configuration list for PBXNativeTarget "EB Finder" */ = {
			isa = XCConfigurationList;
			buildConfigurations = (
				791690442FB46E2600036C69 /* Debug configuration for PBXNativeTarget "EB Finder" */,
				791690452FB46E2600036C69 /* Release configuration for PBXNativeTarget "EB Finder" */,
			);
			defaultConfigurationName = Release;
		};
/* End XCConfigurationList section */
	};
	rootObject = 79168FEE2FB46E2500036C69 /* Project object */;
}
